
Microsoft Visual Studio Solution File, Format Version 12.00
Project("{FAE04EC0-301F-11D3-BF4B-00C04F79EFBC}") = "CleanArch.Api", "CleanArch.Api\CleanArch.Api.csproj", "{CF5C68D8-583A-4F20-9803-3FE523972167}"
EndProject
Project("{FAE04EC0-301F-11D3-BF4B-00C04F79EFBC}") = "CleanArch.Application", "CleanArch.Application\CleanArch.Application.csproj", "{EE6B95F2-5A53-4771-AB41-EF6E241EEBBC}"
EndProject
Project("{FAE04EC0-301F-11D3-BF4B-00C04F79EFBC}") = "CleanArch.Contracts", "CleanArch.Contracts\CleanArch.Contracts.csproj", "{73E22490-1BEE-4F31-995A-78A5D2ACF42C}"
EndProject
Project("{FAE04EC0-301F-11D3-BF4B-00C04F79EFBC}") = "CleanArch.Domain", "CleanArch.Domain\CleanArch.Domain.csproj", "{A26D5982-CB38-435A-8ADD-559E4AC5CCDD}"
EndProject
Project("{FAE04EC0-301F-11D3-BF4B-00C04F79EFBC}") = "CleanArch.Infrastructure", "CleanArch.Infrastructure\CleanArch.Infrastructure.csproj", "{43BF9403-F095-4E89-A0F5-708E2FC63C37}"
EndProject
Global
	GlobalSection(SolutionConfigurationPlatforms) = preSolution
		Debug|Any CPU = Debug|Any CPU
		Release|Any CPU = Release|Any CPU
	EndGlobalSection
	GlobalSection(ProjectConfigurationPlatforms) = postSolution
		{CF5C68D8-583A-4F20-9803-3FE523972167}.Debug|Any CPU.ActiveCfg = Debug|Any CPU
		{CF5C68D8-583A-4F20-9803-3FE523972167}.Debug|Any CPU.Build.0 = Debug|Any CPU
		{CF5C68D8-583A-4F20-9803-3FE523972167}.Release|Any CPU.ActiveCfg = Release|Any CPU
		{CF5C68D8-583A-4F20-9803-3FE523972167}.Release|Any CPU.Build.0 = Release|Any CPU
		{EE6B95F2-5A53-4771-AB41-EF6E241EEBBC}.Debug|Any CPU.ActiveCfg = Debug|Any CPU
		{EE6B95F2-5A53-4771-AB41-EF6E241EEBBC}.Debug|Any CPU.Build.0 = Debug|Any CPU
		{EE6B95F2-5A53-4771-AB41-EF6E241EEBBC}.Release|Any CPU.ActiveCfg = Release|Any CPU
		{EE6B95F2-5A53-4771-AB41-EF6E241EEBBC}.Release|Any CPU.Build.0 = Release|Any CPU
		{73E22490-1BEE-4F31-995A-78A5D2ACF42C}.Debug|Any CPU.ActiveCfg = Debug|Any CPU
		{73E22490-1BEE-4F31-995A-78A5D2ACF42C}.Debug|Any CPU.Build.0 = Debug|Any CPU
		{73E22490-1BEE-4F31-995A-78A5D2ACF42C}.Release|Any CPU.ActiveCfg = Release|Any CPU
		{73E22490-1BEE-4F31-995A-78A5D2ACF42C}.Release|Any CPU.Build.0 = Release|Any CPU
		{A26D5982-CB38-435A-8ADD-559E4AC5CCDD}.Debug|Any CPU.ActiveCfg = Debug|Any CPU
		{A26D5982-CB38-435A-8ADD-559E4AC5CCDD}.Debug|Any CPU.Build.0 = Debug|Any CPU
		{A26D5982-CB38-435A-8ADD-559E4AC5CCDD}.Release|Any CPU.ActiveCfg = Release|Any CPU
		{A26D5982-CB38-435A-8ADD-559E4AC5CCDD}.Release|Any CPU.Build.0 = Release|Any CPU
		{43BF9403-F095-4E89-A0F5-708E2FC63C37}.Debug|Any CPU.ActiveCfg = Debug|Any CPU
		{43BF9403-F095-4E89-A0F5-708E2FC63C37}.Debug|Any CPU.Build.0 = Debug|Any CPU
		{43BF9403-F095-4E89-A0F5-708E2FC63C37}.Release|Any CPU.ActiveCfg = Release|Any CPU
		{43BF9403-F095-4E89-A0F5-708E2FC63C37}.Release|Any CPU.Build.0 = Release|Any CPU
	EndGlobalSection
EndGlobal
